// !$*UTF8*$!
{
	archiveVersion = 1;
	classes = {
	};
	objectVersion = 55;
	objects = {

/* Begin PBXBuildFile section */
		D299CF3927AAD00A008F6A9D /* Tests_iOS.swift in Sources */ = {isa = PBXBuildFile; fileRef = D299CF3827AAD00A008F6A9D /* Tests_iOS.swift */; };
		D299CF3B27AAD00A008F6A9D /* Tests_iOSLaunchTests.swift in Sources */ = {isa = PBXBuildFile; fileRef = D299CF3A27AAD00A008F6A9D /* Tests_iOSLaunchTests.swift */; };
		D299CF4527AAD00A008F6A9D /* Tests_macOS.swift in Sources */ = {isa = PBXBuildFile; fileRef = D299CF4427AAD00A008F6A9D /* Tests_macOS.swift */; };
		D299CF4727AAD00A008F6A9D /* Tests_macOSLaunchTests.swift in Sources */ = {isa = PBXBuildFile; fileRef = D299CF4627AAD00A008F6A9D /* Tests_macOSLaunchTests.swift */; };
		D299CF4827AAD00A008F6A9D /* ConHubApp.swift in Sources */ = {isa = PBXBuildFile; fileRef = D299CF2027AAD009008F6A9D /* ConHubApp.swift */; };
		D299CF4927AAD00A008F6A9D /* ConHubApp.swift in Sources */ = {isa = PBXBuildFile; fileRef = D299CF2027AAD009008F6A9D /* ConHubApp.swift */; };
		D299CF4A27AAD00A008F6A9D /* ContentView.swift in Sources */ = {isa = PBXBuildFile; fileRef = D299CF2127AAD009008F6A9D /* ContentView.swift */; };
		D299CF4B27AAD00A008F6A9D /* ContentView.swift in Sources */ = {isa = PBXBuildFile; fileRef = D299CF2127AAD009008F6A9D /* ContentView.swift */; };
		D299CF4C27AAD00A008F6A9D /* Assets.xcassets in Resources */ = {isa = PBXBuildFile; fileRef = D299CF2227AAD00A008F6A9D /* Assets.xcassets */; };
		D299CF4D27AAD00A008F6A9D /* Assets.xcassets in Resources */ = {isa = PBXBuildFile; fileRef = D299CF2227AAD00A008F6A9D /* Assets.xcassets */; };
/* End PBXBuildFile section */

/* Begin PBXContainerItemProxy section */
		D299CF3527AAD00A008F6A9D /* PBXContainerItemProxy */ = {
			isa = PBXContainerItemProxy;
			containerPortal = D299CF1B27AAD009008F6A9D /* Project object */;
			proxyType = 1;
			remoteGlobalIDString = D299CF2627AAD00A008F6A9D;
			remoteInfo = "ConHub (iOS)";
		};
		D299CF4127AAD00A008F6A9D /* PBXContainerItemProxy */ = {
			isa = PBXContainerItemProxy;
			containerPortal = D299CF1B27AAD009008F6A9D /* Project object */;
			proxyType = 1;
			remoteGlobalIDString = D299CF2C27AAD00A008F6A9D;
			remoteInfo = "ConHub (macOS)";
		};
/* End PBXContainerItemProxy section */

/* Begin PBXFileReference section */
		D299CF2027AAD009008F6A9D /* ConHubApp.swift */ = {isa = PBXFileReference; lastKnownFileType = sourcecode.swift; path = ConHubApp.swift; sourceTree = "<group>"; };
		D299CF2127AAD009008F6A9D /* ContentView.swift */ = {isa = PBXFileReference; lastKnownFileType = sourcecode.swift; path = ContentView.swift; sourceTree = "<group>"; };
		D299CF2227AAD00A008F6A9D /* Assets.xcassets */ = {isa = PBXFileReference; lastKnownFileType = folder.assetcatalog; path = Assets.xcassets; sourceTree = "<group>"; };
		D299CF2727AAD00A008F6A9D /* ConHub.app */ = {isa = PBXFileReference; explicitFileType = wrapper.application; includeInIndex = 0; path = ConHub.app; sourceTree = BUILT_PRODUCTS_DIR; };
		D299CF2D27AAD00A008F6A9D /* ConHub.app */ = {isa = PBXFileReference; explicitFileType = wrapper.application; includeInIndex = 0; path = ConHub.app; sourceTree = BUILT_PRODUCTS_DIR; };
		D299CF2F27AAD00A008F6A9D /* macOS.entitlements */ = {isa = PBXFileReference; lastKnownFileType = text.plist.entitlements; path = macOS.entitlements; sourceTree = "<group>"; };
		D299CF3427AAD00A008F6A9D /* Tests iOS.xctest */ = {isa = PBXFileReference; explicitFileType = wrapper.cfbundle; includeInIndex = 0; path = "Tests iOS.xctest"; sourceTree = BUILT_PRODUCTS_DIR; };
		D299CF3827AAD00A008F6A9D /* Tests_iOS.swift */ = {isa = PBXFileReference; lastKnownFileType = sourcecode.swift; path = Tests_iOS.swift; sourceTree = "<group>"; };
		D299CF3A27AAD00A008F6A9D /* Tests_iOSLaunchTests.swift */ = {isa = PBXFileReference; lastKnownFileType = sourcecode.swift; path = Tests_iOSLaunchTests.swift; sourceTree = "<group>"; };
		D299CF4027AAD00A008F6A9D /* Tests macOS.xctest */ = {isa = PBXFileReference; explicitFileType = wrapper.cfbundle; includeInIndex = 0; path = "Tests macOS.xctest"; sourceTree = BUILT_PRODUCTS_DIR; };
		D299CF4427AAD00A008F6A9D /* Tests_macOS.swift */ = {isa = PBXFileReference; lastKnownFileType = sourcecode.swift; path = Tests_macOS.swift; sourceTree = "<group>"; };
		D299CF4627AAD00A008F6A9D /* Tests_macOSLaunchTests.swift */ = {isa = PBXFileReference; lastKnownFileType = sourcecode.swift; path = Tests_macOSLaunchTests.swift; sourceTree = "<group>"; };
/* End PBXFileReference section */

/* Begin PBXFrameworksBuildPhase section */
		D299CF2427AAD00A008F6A9D /* Frameworks */ = {
			isa = PBXFrameworksBuildPhase;
			buildActionMask = 2147483647;
			files = (
			);
			runOnlyForDeploymentPostprocessing = 0;
		};
		D299CF2A27AAD00A008F6A9D /* Frameworks */ = {
			isa = PBXFrameworksBuildPhase;
			buildActionMask = 2147483647;
			files = (
			);
			runOnlyForDeploymentPostprocessing = 0;
		};
		D299CF3127AAD00A008F6A9D /* Frameworks */ = {
			isa = PBXFrameworksBuildPhase;
			buildActionMask = 2147483647;
			files = (
			);
			runOnlyForDeploymentPostprocessing = 0;
		};
		D299CF3D27AAD00A008F6A9D /* Frameworks */ = {
			isa = PBXFrameworksBuildPhase;
			buildActionMask = 2147483647;
			files = (
			);
			runOnlyForDeploymentPostprocessing = 0;
		};
/* End PBXFrameworksBuildPhase section */

/* Begin PBXGroup section */
		D299CF1A27AAD009008F6A9D = {
			isa = PBXGroup;
			children = (
				D299CF1F27AAD009008F6A9D /* Shared */,
				D299CF2E27AAD00A008F6A9D /* macOS */,
				D299CF3727AAD00A008F6A9D /* Tests iOS */,
				D299CF4327AAD00A008F6A9D /* Tests macOS */,
				D299CF2827AAD00A008F6A9D /* Products */,
			);
			sourceTree = "<group>";
		};
		D299CF1F27AAD009008F6A9D /* Shared */ = {
			isa = PBXGroup;
			children = (
				D299CF2027AAD009008F6A9D /* ConHubApp.swift */,
				D299CF2127AAD009008F6A9D /* ContentView.swift */,
				D299CF2227AAD00A008F6A9D /* Assets.xcassets */,
			);
			path = Shared;
			sourceTree = "<group>";
		};
		D299CF2827AAD00A008F6A9D /* Products */ = {
			isa = PBXGroup;
			children = (
				D299CF2727AAD00A008F6A9D /* ConHub.app */,
				D299CF2D27AAD00A008F6A9D /* ConHub.app */,
				D299CF3427AAD00A008F6A9D /* Tests iOS.xctest */,
				D299CF4027AAD00A008F6A9D /* Tests macOS.xctest */,
			);
			name = Products;
			sourceTree = "<group>";
		};
		D299CF2E27AAD00A008F6A9D /* macOS */ = {
			isa = PBXGroup;
			children = (
				D299CF2F27AAD00A008F6A9D /* macOS.entitlements */,
			);
			path = macOS;
			sourceTree = "<group>";
		};
		D299CF3727AAD00A008F6A9D /* Tests iOS */ = {
			isa = PBXGroup;
			children = (
				D299CF3827AAD00A008F6A9D /* Tests_iOS.swift */,
				D299CF3A27AAD00A008F6A9D /* Tests_iOSLaunchTests.swift */,
			);
			path = "Tests iOS";
			sourceTree = "<group>";
		};
		D299CF4327AAD00A008F6A9D /* Tests macOS */ = {
			isa = PBXGroup;
			children = (
				D299CF4427AAD00A008F6A9D /* Tests_macOS.swift */,
				D299CF4627AAD00A008F6A9D /* Tests_macOSLaunchTests.swift */,
			);
			path = "Tests macOS";
			sourceTree = "<group>";
		};
/* End PBXGroup section */

/* Begin PBXNativeTarget section */
		D299CF2627AAD00A008F6A9D /* ConHub (iOS) */ = {
			isa = PBXNativeTarget;
			buildConfigurationList = D299CF5027AAD00A008F6A9D /* Build configuration list for PBXNativeTarget "ConHub (iOS)" */;
			buildPhases = (
				D299CF2327AAD00A008F6A9D /* Sources */,
				D299CF2427AAD00A008F6A9D /* Frameworks */,
				D299CF2527AAD00A008F6A9D /* Resources */,
			);
			buildRules = (
			);
			dependencies = (
			);
			name = "ConHub (iOS)";
			productName = "ConHub (iOS)";
			productReference = D299CF2727AAD00A008F6A9D /* ConHub.app */;
			productType = "com.apple.product-type.application";
		};
		D299CF2C27AAD00A008F6A9D /* ConHub (macOS) */ = {
			isa = PBXNativeTarget;
			buildConfigurationList = D299CF5327AAD00A008F6A9D /* Build configuration list for PBXNativeTarget "ConHub (macOS)" */;
			buildPhases = (
				D299CF2927AAD00A008F6A9D /* Sources */,
				D299CF2A27AAD00A008F6A9D /* Frameworks */,
				D299CF2B27AAD00A008F6A9D /* Resources */,
			);
			buildRules = (
			);
			dependencies = (
			);
			name = "ConHub (macOS)";
			productName = "ConHub (macOS)";
			productReference = D299CF2D27AAD00A008F6A9D /* ConHub.app */;
			productType = "com.apple.product-type.application";
		};
		D299CF3327AAD00A008F6A9D /* Tests iOS */ = {
			isa = PBXNativeTarget;
			buildConfigurationList = D299CF5627AAD00A008F6A9D /* Build configuration list for PBXNativeTarget "Tests iOS" */;
			buildPhases = (
				D299CF3027AAD00A008F6A9D /* Sources */,
				D299CF3127AAD00A008F6A9D /* Frameworks */,
				D299CF3227AAD00A008F6A9D /* Resources */,
			);
			buildRules = (
			);
			dependencies = (
				D299CF3627AAD00A008F6A9D /* PBXTargetDependency */,
			);
			name = "Tests iOS";
			productName = "Tests iOS";
			productReference = D299CF3427AAD00A008F6A9D /* Tests iOS.xctest */;
			productType = "com.apple.product-type.bundle.ui-testing";
		};
		D299CF3F27AAD00A008F6A9D /* Tests macOS */ = {
			isa = PBXNativeTarget;
			buildConfigurationList = D299CF5927AAD00A008F6A9D /* Build configuration list for PBXNativeTarget "Tests macOS" */;
			buildPhases = (
				D299CF3C27AAD00A008F6A9D /* Sources */,
				D299CF3D27AAD00A008F6A9D /* Frameworks */,
				D299CF3E27AAD00A008F6A9D /* Resources */,
			);
			buildRules = (
			);
			dependencies = (
				D299CF4227AAD00A008F6A9D /* PBXTargetDependency */,
			);
			name = "Tests macOS";
			productName = "Tests macOS";
			productReference = D299CF4027AAD00A008F6A9D /* Tests macOS.xctest */;
			productType = "com.apple.product-type.bundle.ui-testing";
		};
/* End PBXNativeTarget section */

/* Begin PBXProject section */
		D299CF1B27AAD009008F6A9D /* Project object */ = {
			isa = PBXProject;
			attributes = {
				BuildIndependentTargetsInParallel = 1;
				LastSwiftUpdateCheck = 1320;
				LastUpgradeCheck = 1320;
				TargetAttributes = {
					D299CF2627AAD00A008F6A9D = {
						CreatedOnToolsVersion = 13.2.1;
					};
					D299CF2C27AAD00A008F6A9D = {
						CreatedOnToolsVersion = 13.2.1;
					};
					D299CF3327AAD00A008F6A9D = {
						CreatedOnToolsVersion = 13.2.1;
						TestTargetID = D299CF2627AAD00A008F6A9D;
					};
					D299CF3F27AAD00A008F6A9D = {
						CreatedOnToolsVersion = 13.2.1;
						TestTargetID = D299CF2C27AAD00A008F6A9D;
					};
				};
			};
			buildConfigurationList = D299CF1E27AAD009008F6A9D /* Build configuration list for PBXProject "ConHub" */;
			compatibilityVersion = "Xcode 13.0";
			developmentRegion = en;
			hasScannedForEncodings = 0;
			knownRegions = (
				en,
				Base,
			);
			mainGroup = D299CF1A27AAD009008F6A9D;
			productRefGroup = D299CF2827AAD00A008F6A9D /* Products */;
			projectDirPath = "";
			projectRoot = "";
			targets = (
				D299CF2627AAD00A008F6A9D /* ConHub (iOS) */,
				D299CF2C27AAD00A008F6A9D /* ConHub (macOS) */,
				D299CF3327AAD00A008F6A9D /* Tests iOS */,
				D299CF3F27AAD00A008F6A9D /* Tests macOS */,
			);
		};
/* End PBXProject section */

/* Begin PBXResourcesBuildPhase section */
		D299CF2527AAD00A008F6A9D /* Resources */ = {
			isa = PBXResourcesBuildPhase;
			buildActionMask = 2147483647;
			files = (
				D299CF4C27AAD00A008F6A9D /* Assets.xcassets in Resources */,
			);
			runOnlyForDeploymentPostprocessing = 0;
		};
		D299CF2B27AAD00A008F6A9D /* Resources */ = {
			isa = PBXResourcesBuildPhase;
			buildActionMask = 2147483647;
			files = (
				D299CF4D27AAD00A008F6A9D /* Assets.xcassets in Resources */,
			);
			runOnlyForDeploymentPostprocessing = 0;
		};
		D299CF3227AAD00A008F6A9D /* Resources */ = {
			isa = PBXResourcesBuildPhase;
			buildActionMask = 2147483647;
			files = (
			);
			runOnlyForDeploymentPostprocessing = 0;
		};
		D299CF3E27AAD00A008F6A9D /* Resources */ = {
			isa = PBXResourcesBuildPhase;
			buildActionMask = 2147483647;
			files = (
			);
			runOnlyForDeploymentPostprocessing = 0;
		};
/* End PBXResourcesBuildPhase section */

/* Begin PBXSourcesBuildPhase section */
		D299CF2327AAD00A008F6A9D /* Sources */ = {
			isa = PBXSourcesBuildPhase;
			buildActionMask = 2147483647;
			files = (
				D299CF4A27AAD00A008F6A9D /* ContentView.swift in Sources */,
				D299CF4827AAD00A008F6A9D /* ConHubApp.swift in Sources */,
			);
			runOnlyForDeploymentPostprocessing = 0;
		};
		D299CF2927AAD00A008F6A9D /* Sources */ = {
			isa = PBXSourcesBuildPhase;
			buildActionMask = 2147483647;
			files = (
				D299CF4B27AAD00A008F6A9D /* ContentView.swift in Sources */,
				D299CF4927AAD00A008F6A9D /* ConHubApp.swift in Sources */,
			);
			runOnlyForDeploymentPostprocessing = 0;
		};
		D299CF3027AAD00A008F6A9D /* Sources */ = {
			isa = PBXSourcesBuildPhase;
			buildActionMask = 2147483647;
			files = (
				D299CF3B27AAD00A008F6A9D /* Tests_iOSLaunchTests.swift in Sources */,
				D299CF3927AAD00A008F6A9D /* Tests_iOS.swift in Sources */,
			);
			runOnlyForDeploymentPostprocessing = 0;
		};
		D299CF3C27AAD00A008F6A9D /* Sources */ = {
			isa = PBXSourcesBuildPhase;
			buildActionMask = 2147483647;
			files = (
				D299CF4727AAD00A008F6A9D /* Tests_macOSLaunchTests.swift in Sources */,
				D299CF4527AAD00A008F6A9D /* Tests_macOS.swift in Sources */,
			);
			runOnlyForDeploymentPostprocessing = 0;
		};
/* End PBXSourcesBuildPhase section */

/* Begin PBXTargetDependency section */
		D299CF3627AAD00A008F6A9D /* PBXTargetDependency */ = {
			isa = PBXTargetDependency;
			target = D299CF2627AAD00A008F6A9D /* ConHub (iOS) */;
			targetProxy = D299CF3527AAD00A008F6A9D /* PBXContainerItemProxy */;
		};
		D299CF4227AAD00A008F6A9D /* PBXTargetDependency */ = {
			isa = PBXTargetDependency;
			target = D299CF2C27AAD00A008F6A9D /* ConHub (macOS) */;
			targetProxy = D299CF4127AAD00A008F6A9D /* PBXContainerItemProxy */;
		};
/* End PBXTargetDependency section */

/* Begin XCBuildConfiguration section */
		D299CF4E27AAD00A008F6A9D /* Debug */ = {
			isa = XCBuildConfiguration;
			buildSettings = {
				ALWAYS_SEARCH_USER_PATHS = NO;
				CLANG_ANALYZER_NONNULL = YES;
				CLANG_ANALYZER_NUMBER_OBJECT_CONVERSION = YES_AGGRESSIVE;
				CLANG_CXX_LANGUAGE_STANDARD = "gnu++17";
				CLANG_CXX_LIBRARY = "libc++";
				CLANG_ENABLE_MODULES = YES;
				CLANG_ENABLE_OBJC_ARC = YES;
				CLANG_ENABLE_OBJC_WEAK = YES;
				CLANG_WARN_BLOCK_CAPTURE_AUTORELEASING = YES;
				CLANG_WARN_BOOL_CONVERSION = YES;
				CLANG_WARN_COMMA = YES;
				CLANG_WARN_CONSTANT_CONVERSION = YES;
				CLANG_WARN_DEPRECATED_OBJC_IMPLEMENTATIONS = YES;
				CLANG_WARN_DIRECT_OBJC_ISA_USAGE = YES_ERROR;
				CLANG_WARN_DOCUMENTATION_COMMENTS = YES;
				CLANG_WARN_EMPTY_BODY = YES;
				CLANG_WARN_ENUM_CONVERSION = YES;
				CLANG_WARN_INFINITE_RECURSION = YES;
				CLANG_WARN_INT_CONVERSION = YES;
				CLANG_WARN_NON_LITERAL_NULL_CONVERSION = YES;
				CLANG_WARN_OBJC_IMPLICIT_RETAIN_SELF = YES;
				CLANG_WARN_OBJC_LITERAL_CONVERSION = YES;
				CLANG_WARN_OBJC_ROOT_CLASS = YES_ERROR;
				CLANG_WARN_QUOTED_INCLUDE_IN_FRAMEWORK_HEADER = YES;
				CLANG_WARN_RANGE_LOOP_ANALYSIS = YES;
				CLANG_WARN_STRICT_PROTOTYPES = YES;
				CLANG_WARN_SUSPICIOUS_MOVE = YES;
				CLANG_WARN_UNGUARDED_AVAILABILITY = YES_AGGRESSIVE;
				CLANG_WARN_UNREACHABLE_CODE = YES;
				CLANG_WARN__DUPLICATE_METHOD_MATCH = YES;
				COPY_PHASE_STRIP = NO;
				DEBUG_INFORMATION_FORMAT = dwarf;
				ENABLE_STRICT_OBJC_MSGSEND = YES;
				ENABLE_TESTABILITY = YES;
				GCC_C_LANGUAGE_STANDARD = gnu11;
				GCC_DYNAMIC_NO_PIC = NO;
				GCC_NO_COMMON_BLOCKS = YES;
				GCC_OPTIMIZATION_LEVEL = 0;
				GCC_PREPROCESSOR_DEFINITIONS = (
					"DEBUG=1",
					"$(inherited)",
				);
				GCC_WARN_64_TO_32_BIT_CONVERSION = YES;
				GCC_WARN_ABOUT_RETURN_TYPE = YES_ERROR;
				GCC_WARN_UNDECLARED_SELECTOR = YES;
				GCC_WARN_UNINITIALIZED_AUTOS = YES_AGGRESSIVE;
				GCC_WARN_UNUSED_FUNCTION = YES;
				GCC_WARN_UNUSED_VARIABLE = YES;
				MTL_ENABLE_DEBUG_INFO = INCLUDE_SOURCE;
				MTL_FAST_MATH = YES;
				ONLY_ACTIVE_ARCH = YES;
				SWIFT_ACTIVE_COMPILATION_CONDITIONS = DEBUG;
				SWIFT_OPTIMIZATION_LEVEL = "-Onone";
			};
			name = Debug;
		};
		D299CF4F27AAD00A008F6A9D /* Release */ = {
			isa = XCBuildConfiguration;
			buildSettings = {
				ALWAYS_SEARCH_USER_PATHS = NO;
				CLANG_ANALYZER_NONNULL = YES;
				CLANG_ANALYZER_NUMBER_OBJECT_CONVERSION = YES_AGGRESSIVE;
				CLANG_CXX_LANGUAGE_STANDARD = "gnu++17";
				CLANG_CXX_LIBRARY = "libc++";
				CLANG_ENABLE_MODULES = YES;
				CLANG_ENABLE_OBJC_ARC = YES;
				CLANG_ENABLE_OBJC_WEAK = YES;
				CLANG_WARN_BLOCK_CAPTURE_AUTORELEASING = YES;
				CLANG_WARN_BOOL_CONVERSION = YES;
				CLANG_WARN_COMMA = YES;
				CLANG_WARN_CONSTANT_CONVERSION = YES;
				CLANG_WARN_DEPRECATED_OBJC_IMPLEMENTATIONS = YES;
				CLANG_WARN_DIRECT_OBJC_ISA_USAGE = YES_ERROR;
				CLANG_WARN_DOCUMENTATION_COMMENTS = YES;
				CLANG_WARN_EMPTY_BODY = YES;
				CLANG_WARN_ENUM_CONVERSION = YES;
				CLANG_WARN_INFINITE_RECURSION = YES;
				CLANG_WARN_INT_CONVERSION = YES;
				CLANG_WARN_NON_LITERAL_NULL_CONVERSION = YES;
				CLANG_WARN_OBJC_IMPLICIT_RETAIN_SELF = YES;
				CLANG_WARN_OBJC_LITERAL_CONVERSION = YES;
				CLANG_WARN_OBJC_ROOT_CLASS = YES_ERROR;
				CLANG_WARN_QUOTED_INCLUDE_IN_FRAMEWORK_HEADER = YES;
				CLANG_WARN_RANGE_LOOP_ANALYSIS = YES;
				CLANG_WARN_STRICT_PROTOTYPES = YES;
				CLANG_WARN_SUSPICIOUS_MOVE = YES;
				CLANG_WARN_UNGUARDED_AVAILABILITY = YES_AGGRESSIVE;
				CLANG_WARN_UNREACHABLE_CODE = YES;
				CLANG_WARN__DUPLICATE_METHOD_MATCH = YES;
				COPY_PHASE_STRIP = NO;
				DEBUG_INFORMATION_FORMAT = "dwarf-with-dsym";
				ENABLE_NS_ASSERTIONS = NO;
				ENABLE_STRICT_OBJC_MSGSEND = YES;
				GCC_C_LANGUAGE_STANDARD = gnu11;
				GCC_NO_COMMON_BLOCKS = YES;
				GCC_WARN_64_TO_32_BIT_CONVERSION = YES;
				GCC_WARN_ABOUT_RETURN_TYPE = YES_ERROR;
				GCC_WARN_UNDECLARED_SELECTOR = YES;
				GCC_WARN_UNINITIALIZED_AUTOS = YES_AGGRESSIVE;
				GCC_WARN_UNUSED_FUNCTION = YES;
				GCC_WARN_UNUSED_VARIABLE = YES;
				MTL_ENABLE_DEBUG_INFO = NO;
				MTL_FAST_MATH = YES;
				SWIFT_COMPILATION_MODE = wholemodule;
				SWIFT_OPTIMIZATION_LEVEL = "-O";
			};
			name = Release;
		};
		D299CF5127AAD00A008F6A9D /* Debug */ = {
			isa = XCBuildConfiguration;
			buildSettings = {
				ASSETCATALOG_COMPILER_APPICON_NAME = AppIcon;
				ASSETCATALOG_COMPILER_GLOBAL_ACCENT_COLOR_NAME = AccentColor;
				CODE_SIGN_STYLE = Automatic;
				CURRENT_PROJECT_VERSION = 1;
				DEVELOPMENT_TEAM = 7C97G7RTMW;
				ENABLE_PREVIEWS = YES;
				GENERATE_INFOPLIST_FILE = YES;
				INFOPLIST_KEY_UIApplicationSceneManifest_Generation = YES;
				INFOPLIST_KEY_UIApplicationSupportsIndirectInputEvents = YES;
				INFOPLIST_KEY_UILaunchScreen_Generation = YES;
				INFOPLIST_KEY_UISupportedInterfaceOrientations_iPad = "UIInterfaceOrientationPortrait UIInterfaceOrientationPortraitUpsideDown UIInterfaceOrientationLandscapeLeft UIInterfaceOrientationLandscapeRight";
				INFOPLIST_KEY_UISupportedInterfaceOrientations_iPhone = "UIInterfaceOrientationPortrait UIInterfaceOrientationLandscapeLeft UIInterfaceOrientationLandscapeRight";
				IPHONEOS_DEPLOYMENT_TARGET = 15.2;
				LD_RUNPATH_SEARCH_PATHS = (
					"$(inherited)",
					"@executable_path/Frameworks",
				);
				MARKETING_VERSION = 1.0;
				PRODUCT_BUNDLE_IDENTIFIER = JK.ConHub;
				PRODUCT_NAME = ConHub;
				SDKROOT = iphoneos;
				SWIFT_EMIT_LOC_STRINGS = YES;
				SWIFT_VERSION = 5.0;
				TARGETED_DEVICE_FAMILY = "1,2";
			};
			name = Debug;
		};
		D299CF5227AAD00A008F6A9D /* Release */ = {
			isa = XCBuildConfiguration;
			buildSettings = {
				ASSETCATALOG_COMPILER_APPICON_NAME = AppIcon;
				ASSETCATALOG_COMPILER_GLOBAL_ACCENT_COLOR_NAME = AccentColor;
				CODE_SIGN_STYLE = Automatic;
				CURRENT_PROJECT_VERSION = 1;
				DEVELOPMENT_TEAM = 7C97G7RTMW;
				ENABLE_PREVIEWS = YES;
				GENERATE_INFOPLIST_FILE = YES;
				INFOPLIST_KEY_UIApplicationSceneManifest_Generation = YES;
				INFOPLIST_KEY_UIApplicationSupportsIndirectInputEvents = YES;
				INFOPLIST_KEY_UILaunchScreen_Generation = YES;
				INFOPLIST_KEY_UISupportedInterfaceOrientations_iPad = "UIInterfaceOrientationPortrait UIInterfaceOrientationPortraitUpsideDown UIInterfaceOrientationLandscapeLeft UIInterfaceOrientationLandscapeRight";
				INFOPLIST_KEY_UISupportedInterfaceOrientations_iPhone = "UIInterfaceOrientationPortrait UIInterfaceOrientationLandscapeLeft UIInterfaceOrientationLandscapeRight";
				IPHONEOS_DEPLOYMENT_TARGET = 15.2;
				LD_RUNPATH_SEARCH_PATHS = (
					"$(inherited)",
					"@executable_path/Frameworks",
				);
				MARKETING_VERSION = 1.0;
				PRODUCT_BUNDLE_IDENTIFIER = JK.ConHub;
				PRODUCT_NAME = ConHub;
				SDKROOT = iphoneos;
				SWIFT_EMIT_LOC_STRINGS = YES;
				SWIFT_VERSION = 5.0;
				TARGETED_DEVICE_FAMILY = "1,2";
				VALIDATE_PRODUCT = YES;
			};
			name = Release;
		};
		D299CF5427AAD00A008F6A9D /* Debug */ = {
			isa = XCBuildConfiguration;
			buildSettings = {
				ASSETCATALOG_COMPILER_APPICON_NAME = AppIcon;
				ASSETCATALOG_COMPILER_GLOBAL_ACCENT_COLOR_NAME = AccentColor;
				CODE_SIGN_ENTITLEMENTS = macOS/macOS.entitlements;
				CODE_SIGN_STYLE = Automatic;
				COMBINE_HIDPI_IMAGES = YES;
				CURRENT_PROJECT_VERSION = 1;
				DEVELOPMENT_TEAM = 7C97G7RTMW;
				ENABLE_HARDENED_RUNTIME = YES;
				ENABLE_PREVIEWS = YES;
				GENERATE_INFOPLIST_FILE = YES;
				INFOPLIST_KEY_NSHumanReadableCopyright = "";
				LD_RUNPATH_SEARCH_PATHS = (
					"$(inherited)",
					"@executable_path/../Frameworks",
				);
				MACOSX_DEPLOYMENT_TARGET = 12.1;
				MARKETING_VERSION = 1.0;
				PRODUCT_BUNDLE_IDENTIFIER = JK.ConHub;
				PRODUCT_NAME = ConHub;
				SDKROOT = macosx;
				SWIFT_EMIT_LOC_STRINGS = YES;
				SWIFT_VERSION = 5.0;
			};
			name = Debug;
		};
		D299CF5527AAD00A008F6A9D /* Release */ = {
			isa = XCBuildConfiguration;
			buildSettings = {
				ASSETCATALOG_COMPILER_APPICON_NAME = AppIcon;
				ASSETCATALOG_COMPILER_GLOBAL_ACCENT_COLOR_NAME = AccentColor;
				CODE_SIGN_ENTITLEMENTS = macOS/macOS.entitlements;
				CODE_SIGN_STYLE = Automatic;
				COMBINE_HIDPI_IMAGES = YES;
				CURRENT_PROJECT_VERSION = 1;
				DEVELOPMENT_TEAM = 7C97G7RTMW;
				ENABLE_HARDENED_RUNTIME = YES;
				ENABLE_PREVIEWS = YES;
				GENERATE_INFOPLIST_FILE = YES;
				INFOPLIST_KEY_NSHumanReadableCopyright = "";
				LD_RUNPATH_SEARCH_PATHS = (
					"$(inherited)",
					"@executable_path/../Frameworks",
				);
				MACOSX_DEPLOYMENT_TARGET = 12.1;
				MARKETING_VERSION = 1.0;
				PRODUCT_BUNDLE_IDENTIFIER = JK.ConHub;
				PRODUCT_NAME = ConHub;
				SDKROOT = macosx;
				SWIFT_EMIT_LOC_STRINGS = YES;
				SWIFT_VERSION = 5.0;
			};
			name = Release;
		};
		D299CF5727AAD00A008F6A9D /* Debug */ = {
			isa = XCBuildConfiguration;
			buildSettings = {
				ALWAYS_EMBED_SWIFT_STANDARD_LIBRARIES = YES;
				CODE_SIGN_STYLE = Automatic;
				CURRENT_PROJECT_VERSION = 1;
				DEVELOPMENT_TEAM = 7C97G7RTMW;
				GENERATE_INFOPLIST_FILE = YES;
				IPHONEOS_DEPLOYMENT_TARGET = 15.2;
				MARKETING_VERSION = 1.0;
				PRODUCT_BUNDLE_IDENTIFIER = "JK.Tests-iOS";
				PRODUCT_NAME = "$(TARGET_NAME)";
				SDKROOT = iphoneos;
				SWIFT_EMIT_LOC_STRINGS = NO;
				SWIFT_VERSION = 5.0;
				TARGETED_DEVICE_FAMILY = "1,2";
				TEST_TARGET_NAME = "ConHub (iOS)";
			};
			name = Debug;
		};
		D299CF5827AAD00A008F6A9D /* Release */ = {
			isa = XCBuildConfiguration;
			buildSettings = {
				ALWAYS_EMBED_SWIFT_STANDARD_LIBRARIES = YES;
				CODE_SIGN_STYLE = Automatic;
				CURRENT_PROJECT_VERSION = 1;
				DEVELOPMENT_TEAM = 7C97G7RTMW;
				GENERATE_INFOPLIST_FILE = YES;
				IPHONEOS_DEPLOYMENT_TARGET = 15.2;
				MARKETING_VERSION = 1.0;
				PRODUCT_BUNDLE_IDENTIFIER = "JK.Tests-iOS";
				PRODUCT_NAME = "$(TARGET_NAME)";
				SDKROOT = iphoneos;
				SWIFT_EMIT_LOC_STRINGS = NO;
				SWIFT_VERSION = 5.0;
				TARGETED_DEVICE_FAMILY = "1,2";
				TEST_TARGET_NAME = "ConHub (iOS)";
				VALIDATE_PRODUCT = YES;
			};
			name = Release;
		};
		D299CF5A27AAD00A008F6A9D /* Debug */ = {
			isa = XCBuildConfiguration;
			buildSettings = {
				ALWAYS_EMBED_SWIFT_STANDARD_LIBRARIES = YES;
				CODE_SIGN_STYLE = Automatic;
				CURRENT_PROJECT_VERSION = 1;
				DEVELOPMENT_TEAM = 7C97G7RTMW;
				GENERATE_INFOPLIST_FILE = YES;
				MACOSX_DEPLOYMENT_TARGET = 12.1;
				MARKETING_VERSION = 1.0;
				PRODUCT_BUNDLE_IDENTIFIER = "JK.Tests-macOS";
				PRODUCT_NAME = "$(TARGET_NAME)";
				SDKROOT = macosx;
				SWIFT_EMIT_LOC_STRINGS = NO;
				SWIFT_VERSION = 5.0;
				TEST_TARGET_NAME = "ConHub (macOS)";
			};
			name = Debug;
		};
		D299CF5B27AAD00A008F6A9D /* Release */ = {
			isa = XCBuildConfiguration;
			buildSettings = {
				ALWAYS_EMBED_SWIFT_STANDARD_LIBRARIES = YES;
				CODE_SIGN_STYLE = Automatic;
				CURRENT_PROJECT_VERSION = 1;
				DEVELOPMENT_TEAM = 7C97G7RTMW;
				GENERATE_INFOPLIST_FILE = YES;
				MACOSX_DEPLOYMENT_TARGET = 12.1;
				MARKETING_VERSION = 1.0;
				PRODUCT_BUNDLE_IDENTIFIER = "JK.Tests-macOS";
				PRODUCT_NAME = "$(TARGET_NAME)";
				SDKROOT = macosx;
				SWIFT_EMIT_LOC_STRINGS = NO;
				SWIFT_VERSION = 5.0;
				TEST_TARGET_NAME = "ConHub (macOS)";
			};
			name = Release;
		};
/* End XCBuildConfiguration section */

/* Begin XCConfigurationList section */
		D299CF1E27AAD009008F6A9D /* Build configuration list for PBXProject "ConHub" */ = {
			isa = XCConfigurationList;
			buildConfigurations = (
				D299CF4E27AAD00A008F6A9D /* Debug */,
				D299CF4F27AAD00A008F6A9D /* Release */,
			);
			defaultConfigurationIsVisible = 0;
			defaultConfigurationName = Release;
		};
		D299CF5027AAD00A008F6A9D /* Build configuration list for PBXNativeTarget "ConHub (iOS)" */ = {
			isa = XCConfigurationList;
			buildConfigurations = (
				D299CF5127AAD00A008F6A9D /* Debug */,
				D299CF5227AAD00A008F6A9D /* Release */,
			);
			defaultConfigurationIsVisible = 0;
			defaultConfigurationName = Release;
		};
		D299CF5327AAD00A008F6A9D /* Build configuration list for PBXNativeTarget "ConHub (macOS)" */ = {
			isa = XCConfigurationList;
			buildConfigurations = (
				D299CF5427AAD00A008F6A9D /* Debug */,
				D299CF5527AAD00A008F6A9D /* Release */,
			);
			defaultConfigurationIsVisible = 0;
			defaultConfigurationName = Release;
		};
		D299CF5627AAD00A008F6A9D /* Build configuration list for PBXNativeTarget "Tests iOS" */ = {
			isa = XCConfigurationList;
			buildConfigurations = (
				D299CF5727AAD00A008F6A9D /* Debug */,
				D299CF5827AAD00A008F6A9D /* Release */,
			);
			defaultConfigurationIsVisible = 0;
			defaultConfigurationName = Release;
		};
		D299CF5927AAD00A008F6A9D /* Build configuration list for PBXNativeTarget "Tests macOS" */ = {
			isa = XCConfigurationList;
			buildConfigurations = (
				D299CF5A27AAD00A008F6A9D /* Debug */,
				D299CF5B27AAD00A008F6A9D /* Release */,
			);
			defaultConfigurationIsVisible = 0;
			defaultConfigurationName = Release;
		};
/* End XCConfigurationList section */
	};
	rootObject = D299CF1B27AAD009008F6A9D /* Project object */;
}
